
Microsoft Visual Studio Solution File, Format Version 12.00
# Visual Studio Version 16
VisualStudioVersion = 16.0.29613.14
MinimumVisualStudioVersion = 10.0.40219.1
Project("{FAE04EC0-301F-11D3-BF4B-00C04F79EFBC}") = "SocialServices.UWP", "SocialServices\SocialServices.UWP\SocialServices.UWP.csproj", "{FF32E3C2-47ED-47D6-9F2F-DEC6FD71F7C8}"
EndProject
Project("{FAE04EC0-301F-11D3-BF4B-00C04F79EFBC}") = "SocialServices.Android", "SocialServices\SocialServices.Android\SocialServices.Android.csproj", "{0B2B6E2A-9F65-4D64-AA62-9B7B4568CE15}"
EndProject
Project("{FAE04EC0-301F-11D3-BF4B-00C04F79EFBC}") = "SocialServices.iOS", "SocialServices\SocialServices.iOS\SocialServices.iOS.csproj", "{FFCDA720-F367-4323-BEF9-254AEE73EA27}"
EndProject
Project("{FAE04EC0-301F-11D3-BF4B-00C04F79EFBC}") = "SocialServices", "SocialServices\SocialServices\SocialServices.csproj", "{C6E7FA1A-A459-4BCB-959A-AC5C7B597EF0}"
EndProject
Global
	GlobalSection(SolutionConfigurationPlatforms) = preSolution
		Debug|Any CPU = Debug|Any CPU
		Debug|ARM = Debug|ARM
		Debug|iPhone = Debug|iPhone
		Debug|iPhoneSimulator = Debug|iPhoneSimulator
		Debug|x64 = Debug|x64
		Debug|x86 = Debug|x86
		Release|Any CPU = Release|Any CPU
		Release|ARM = Release|ARM
		Release|iPhone = Release|iPhone
		Release|iPhoneSimulator = Release|iPhoneSimulator
		Release|x64 = Release|x64
		Release|x86 = Release|x86
	EndGlobalSection
	GlobalSection(ProjectConfigurationPlatforms) = postSolution
		{FF32E3C2-47ED-47D6-9F2F-DEC6FD71F7C8}.Debug|Any CPU.ActiveCfg = Debug|x86
		{FF32E3C2-47ED-47D6-9F2F-DEC6FD71F7C8}.Debug|Any CPU.Build.0 = Debug|x86
		{FF32E3C2-47ED-47D6-9F2F-DEC6FD71F7C8}.Debug|Any CPU.Deploy.0 = Debug|x86
		{FF32E3C2-47ED-47D6-9F2F-DEC6FD71F7C8}.Debug|ARM.ActiveCfg = Debug|ARM
		{FF32E3C2-47ED-47D6-9F2F-DEC6FD71F7C8}.Debug|ARM.Build.0 = Debug|ARM
		{FF32E3C2-47ED-47D6-9F2F-DEC6FD71F7C8}.Debug|ARM.Deploy.0 = Debug|ARM
		{FF32E3C2-47ED-47D6-9F2F-DEC6FD71F7C8}.Debug|iPhone.ActiveCfg = Debug|x86
		{FF32E3C2-47ED-47D6-9F2F-DEC6FD71F7C8}.Debug|iPhone.Build.0 = Debug|x86
		{FF32E3C2-47ED-47D6-9F2F-DEC6FD71F7C8}.Debug|iPhone.Deploy.0 = Debug|x86
		{FF32E3C2-47ED-47D6-9F2F-DEC6FD71F7C8}.Debug|iPhoneSimulator.ActiveCfg = Debug|x86
		{FF32E3C2-47ED-47D6-9F2F-DEC6FD71F7C8}.Debug|iPhoneSimulator.Build.0 = Debug|x86
		{FF32E3C2-47ED-47D6-9F2F-DEC6FD71F7C8}.Debug|iPhoneSimulator.Deploy.0 = Debug|x86
		{FF32E3C2-47ED-47D6-9F2F-DEC6FD71F7C8}.Debug|x64.ActiveCfg = Debug|x64
		{FF32E3C2-47ED-47D6-9F2F-DEC6FD71F7C8}.Debug|x64.Build.0 = Debug|x64
		{FF32E3C2-47ED-47D6-9F2F-DEC6FD71F7C8}.Debug|x64.Deploy.0 = Debug|x64
		{FF32E3C2-47ED-47D6-9F2F-DEC6FD71F7C8}.Debug|x86.ActiveCfg = Debug|x86
		{FF32E3C2-47ED-47D6-9F2F-DEC6FD71F7C8}.Debug|x86.Build.0 = Debug|x86
		{FF32E3C2-47ED-47D6-9F2F-DEC6FD71F7C8}.Debug|x86.Deploy.0 = Debug|x86
		{FF32E3C2-47ED-47D6-9F2F-DEC6FD71F7C8}.Release|Any CPU.ActiveCfg = Release|x86
		{FF32E3C2-47ED-47D6-9F2F-DEC6FD71F7C8}.Release|Any CPU.Build.0 = Release|x86
		{FF32E3C2-47ED-47D6-9F2F-DEC6FD71F7C8}.Release|Any CPU.Deploy.0 = Release|x86
		{FF32E3C2-47ED-47D6-9F2F-DEC6FD71F7C8}.Release|ARM.ActiveCfg = Release|ARM
		{FF32E3C2-47ED-47D6-9F2F-DEC6FD71F7C8}.Release|ARM.Build.0 = Release|ARM
		{FF32E3C2-47ED-47D6-9F2F-DEC6FD71F7C8}.Release|ARM.Deploy.0 = Release|ARM
		{FF32E3C2-47ED-47D6-9F2F-DEC6FD71F7C8}.Release|iPhone.ActiveCfg = Release|x86
		{FF32E3C2-47ED-47D6-9F2F-DEC6FD71F7C8}.Release|iPhone.Build.0 = Release|x86
		{FF32E3C2-47ED-47D6-9F2F-DEC6FD71F7C8}.Release|iPhone.Deploy.0 = Release|x86
		{FF32E3C2-47ED-47D6-9F2F-DEC6FD71F7C8}.Release|iPhoneSimulator.ActiveCfg = Release|x86
		{FF32E3C2-47ED-47D6-9F2F-DEC6FD71F7C8}.Release|iPhoneSimulator.Build.0 = Release|x86
		{FF32E3C2-47ED-47D6-9F2F-DEC6FD71F7C8}.Release|iPhoneSimulator.Deploy.0 = Release|x86
		{FF32E3C2-47ED-47D6-9F2F-DEC6FD71F7C8}.Release|x64.ActiveCfg = Release|x64
		{FF32E3C2-47ED-47D6-9F2F-DEC6FD71F7C8}.Release|x64.Build.0 = Release|x64
		{FF32E3C2-47ED-47D6-9F2F-DEC6FD71F7C8}.Release|x64.Deploy.0 = Release|x64
		{FF32E3C2-47ED-47D6-9F2F-DEC6FD71F7C8}.Release|x86.ActiveCfg = Release|x86
		{FF32E3C2-47ED-47D6-9F2F-DEC6FD71F7C8}.Release|x86.Build.0 = Release|x86
		{FF32E3C2-47ED-47D6-9F2F-DEC6FD71F7C8}.Release|x86.Deploy.0 = Release|x86
		{0B2B6E2A-9F65-4D64-AA62-9B7B4568CE15}.Debug|Any CPU.ActiveCfg = Debug|Any CPU
		{0B2B6E2A-9F65-4D64-AA62-9B7B4568CE15}.Debug|Any CPU.Build.0 = Debug|Any CPU
		{0B2B6E2A-9F65-4D64-AA62-9B7B4568CE15}.Debug|Any CPU.Deploy.0 = Debug|Any CPU
		{0B2B6E2A-9F65-4D64-AA62-9B7B4568CE15}.Debug|ARM.ActiveCfg = Debug|Any CPU
		{0B2B6E2A-9F65-4D64-AA62-9B7B4568CE15}.Debug|ARM.Build.0 = Debug|Any CPU
		{0B2B6E2A-9F65-4D64-AA62-9B7B4568CE15}.Debug|ARM.Deploy.0 = Debug|Any CPU
		{0B2B6E2A-9F65-4D64-AA62-9B7B4568CE15}.Debug|iPhone.ActiveCfg = Debug|Any CPU
		{0B2B6E2A-9F65-4D64-AA62-9B7B4568CE15}.Debug|iPhone.Build.0 = Debug|Any CPU
		{0B2B6E2A-9F65-4D64-AA62-9B7B4568CE15}.Debug|iPhone.Deploy.0 = Debug|Any CPU
		{0B2B6E2A-9F65-4D64-AA62-9B7B4568CE15}.Debug|iPhoneSimulator.ActiveCfg = Debug|Any CPU
		{0B2B6E2A-9F65-4D64-AA62-9B7B4568CE15}.Debug|iPhoneSimulator.Build.0 = Debug|Any CPU
		{0B2B6E2A-9F65-4D64-AA62-9B7B4568CE15}.Debug|iPhoneSimulator.Deploy.0 = Debug|Any CPU
		{0B2B6E2A-9F65-4D64-AA62-9B7B4568CE15}.Debug|x64.ActiveCfg = Debug|Any CPU
		{0B2B6E2A-9F65-4D64-AA62-9B7B4568CE15}.Debug|x64.Build.0 = Debug|Any CPU
		{0B2B6E2A-9F65-4D64-AA62-9B7B4568CE15}.Debug|x64.Deploy.0 = Debug|Any CPU
		{0B2B6E2A-9F65-4D64-AA62-9B7B4568CE15}.Debug|x86.ActiveCfg = Debug|Any CPU
		{0B2B6E2A-9F65-4D64-AA62-9B7B4568CE15}.Debug|x86.Build.0 = Debug|Any CPU
		{0B2B6E2A-9F65-4D64-AA62-9B7B4568CE15}.Debug|x86.Deploy.0 = Debug|Any CPU
		{0B2B6E2A-9F65-4D64-AA62-9B7B4568CE15}.Release|Any CPU.ActiveCfg = Release|Any CPU
		{0B2B6E2A-9F65-4D64-AA62-9B7B4568CE15}.Release|Any CPU.Build.0 = Release|Any CPU
		{0B2B6E2A-9F65-4D64-AA62-9B7B4568CE15}.Release|Any CPU.Deploy.0 = Release|Any CPU
		{0B2B6E2A-9F65-4D64-AA62-9B7B4568CE15}.Release|ARM.ActiveCfg = Release|Any CPU
		{0B2B6E2A-9F65-4D64-AA62-9B7B4568CE15}.Release|ARM.Build.0 = Release|Any CPU
		{0B2B6E2A-9F65-4D64-AA62-9B7B4568CE15}.Release|ARM.Deploy.0 = Release|Any CPU
		{0B2B6E2A-9F65-4D64-AA62-9B7B4568CE15}.Release|iPhone.ActiveCfg = Release|Any CPU
		{0B2B6E2A-9F65-4D64-AA62-9B7B4568CE15}.Release|iPhone.Build.0 = Release|Any CPU
		{0B2B6E2A-9F65-4D64-AA62-9B7B4568CE15}.Release|iPhone.Deploy.0 = Release|Any CPU
		{0B2B6E2A-9F65-4D64-AA62-9B7B4568CE15}.Release|iPhoneSimulator.ActiveCfg = Release|Any CPU
		{0B2B6E2A-9F65-4D64-AA62-9B7B4568CE15}.Release|iPhoneSimulator.Build.0 = Release|Any CPU
		{0B2B6E2A-9F65-4D64-AA62-9B7B4568CE15}.Release|iPhoneSimulator.Deploy.0 = Release|Any CPU
		{0B2B6E2A-9F65-4D64-AA62-9B7B4568CE15}.Release|x64.ActiveCfg = Release|Any CPU
		{0B2B6E2A-9F65-4D64-AA62-9B7B4568CE15}.Release|x64.Build.0 = Release|Any CPU
		{0B2B6E2A-9F65-4D64-AA62-9B7B4568CE15}.Release|x64.Deploy.0 = Release|Any CPU
		{0B2B6E2A-9F65-4D64-AA62-9B7B4568CE15}.Release|x86.ActiveCfg = Release|Any CPU
		{0B2B6E2A-9F65-4D64-AA62-9B7B4568CE15}.Release|x86.Build.0 = Release|Any CPU
		{0B2B6E2A-9F65-4D64-AA62-9B7B4568CE15}.Release|x86.Deploy.0 = Release|Any CPU
		{FFCDA720-F367-4323-BEF9-254AEE73EA27}.Debug|Any CPU.ActiveCfg = Debug|iPhone
		{FFCDA720-F367-4323-BEF9-254AEE73EA27}.Debug|Any CPU.Build.0 = Debug|iPhone
		{FFCDA720-F367-4323-BEF9-254AEE73EA27}.Debug|Any CPU.Deploy.0 = Debug|iPhone
		{FFCDA720-F367-4323-BEF9-254AEE73EA27}.Debug|ARM.ActiveCfg = Debug|iPhoneSimulator
		{FFCDA720-F367-4323-BEF9-254AEE73EA27}.Debug|ARM.Build.0 = Debug|iPhoneSimulator
		{FFCDA720-F367-4323-BEF9-254AEE73EA27}.Debug|ARM.Deploy.0 = Debug|iPhoneSimulator
		{FFCDA720-F367-4323-BEF9-254AEE73EA27}.Debug|iPhone.ActiveCfg = Debug|iPhone
		{FFCDA720-F367-4323-BEF9-254AEE73EA27}.Debug|iPhone.Build.0 = Debug|iPhone
		{FFCDA720-F367-4323-BEF9-254AEE73EA27}.Debug|iPhone.Deploy.0 = Debug|iPhone
		{FFCDA720-F367-4323-BEF9-254AEE73EA27}.Debug|iPhoneSimulator.ActiveCfg = Debug|iPhoneSimulator
		{FFCDA720-F367-4323-BEF9-254AEE73EA27}.Debug|iPhoneSimulator.Build.0 = Debug|iPhoneSimulator
		{FFCDA720-F367-4323-BEF9-254AEE73EA27}.Debug|iPhoneSimulator.Deploy.0 = Debug|iPhoneSimulator
		{FFCDA720-F367-4323-BEF9-254AEE73EA27}.Debug|x64.ActiveCfg = Debug|iPhone
		{FFCDA720-F367-4323-BEF9-254AEE73EA27}.Debug|x64.Build.0 = Debug|iPhone
		{FFCDA720-F367-4323-BEF9-254AEE73EA27}.Debug|x64.Deploy.0 = Debug|iPhone
		{FFCDA720-F367-4323-BEF9-254AEE73EA27}.Debug|x86.ActiveCfg = Debug|iPhone
		{FFCDA720-F367-4323-BEF9-254AEE73EA27}.Debug|x86.Build.0 = Debug|iPhone
		{FFCDA720-F367-4323-BEF9-254AEE73EA27}.Debug|x86.Deploy.0 = Debug|iPhone
		{FFCDA720-F367-4323-BEF9-254AEE73EA27}.Release|Any CPU.ActiveCfg = Release|iPhone
		{FFCDA720-F367-4323-BEF9-254AEE73EA27}.Release|Any CPU.Build.0 = Release|iPhone
		{FFCDA720-F367-4323-BEF9-254AEE73EA27}.Release|Any CPU.Deploy.0 = Release|iPhone
		{FFCDA720-F367-4323-BEF9-254AEE73EA27}.Release|ARM.ActiveCfg = Release|iPhone
		{FFCDA720-F367-4323-BEF9-254AEE73EA27}.Release|ARM.Build.0 = Release|iPhone
		{FFCDA720-F367-4323-BEF9-254AEE73EA27}.Release|ARM.Deploy.0 = Release|iPhone
		{FFCDA720-F367-4323-BEF9-254AEE73EA27}.Release|iPhone.ActiveCfg = Release|iPhone
		{FFCDA720-F367-4323-BEF9-254AEE73EA27}.Release|iPhone.Build.0 = Release|iPhone
		{FFCDA720-F367-4323-BEF9-254AEE73EA27}.Release|iPhone.Deploy.0 = Release|iPhone
		{FFCDA720-F367-4323-BEF9-254AEE73EA27}.Release|iPhoneSimulator.ActiveCfg = Release|iPhoneSimulator
		{FFCDA720-F367-4323-BEF9-254AEE73EA27}.Release|iPhoneSimulator.Build.0 = Release|iPhoneSimulator
		{FFCDA720-F367-4323-BEF9-254AEE73EA27}.Release|iPhoneSimulator.Deploy.0 = Release|iPhoneSimulator
		{FFCDA720-F367-4323-BEF9-254AEE73EA27}.Release|x64.ActiveCfg = Release|iPhone
		{FFCDA720-F367-4323-BEF9-254AEE73EA27}.Release|x64.Build.0 = Release|iPhone
		{FFCDA720-F367-4323-BEF9-254AEE73EA27}.Release|x64.Deploy.0 = Release|iPhone
		{FFCDA720-F367-4323-BEF9-254AEE73EA27}.Release|x86.ActiveCfg = Release|iPhone
		{FFCDA720-F367-4323-BEF9-254AEE73EA27}.Release|x86.Build.0 = Release|iPhone
		{FFCDA720-F367-4323-BEF9-254AEE73EA27}.Release|x86.Deploy.0 = Release|iPhone
		{C6E7FA1A-A459-4BCB-959A-AC5C7B597EF0}.Debug|Any CPU.ActiveCfg = Debug|Any CPU
		{C6E7FA1A-A459-4BCB-959A-AC5C7B597EF0}.Debug|Any CPU.Build.0 = Debug|Any CPU
		{C6E7FA1A-A459-4BCB-959A-AC5C7B597EF0}.Debug|Any CPU.Deploy.0 = Debug|Any CPU
		{C6E7FA1A-A459-4BCB-959A-AC5C7B597EF0}.Debug|ARM.ActiveCfg = Debug|Any CPU
		{C6E7FA1A-A459-4BCB-959A-AC5C7B597EF0}.Debug|ARM.Build.0 = Debug|Any CPU
		{C6E7FA1A-A459-4BCB-959A-AC5C7B597EF0}.Debug|ARM.Deploy.0 = Debug|Any CPU
		{C6E7FA1A-A459-4BCB-959A-AC5C7B597EF0}.Debug|iPhone.ActiveCfg = Debug|Any CPU
		{C6E7FA1A-A459-4BCB-959A-AC5C7B597EF0}.Debug|iPhone.Build.0 = Debug|Any CPU
		{C6E7FA1A-A459-4BCB-959A-AC5C7B597EF0}.Debug|iPhone.Deploy.0 = Debug|Any CPU
		{C6E7FA1A-A459-4BCB-959A-AC5C7B597EF0}.Debug|iPhoneSimulator.ActiveCfg = Debug|Any CPU
		{C6E7FA1A-A459-4BCB-959A-AC5C7B597EF0}.Debug|iPhoneSimulator.Build.0 = Debug|Any CPU
		{C6E7FA1A-A459-4BCB-959A-AC5C7B597EF0}.Debug|iPhoneSimulator.Deploy.0 = Debug|Any CPU
		{C6E7FA1A-A459-4BCB-959A-AC5C7B597EF0}.Debug|x64.ActiveCfg = Debug|Any CPU
		{C6E7FA1A-A459-4BCB-959A-AC5C7B597EF0}.Debug|x64.Build.0 = Debug|Any CPU
		{C6E7FA1A-A459-4BCB-959A-AC5C7B597EF0}.Debug|x64.Deploy.0 = Debug|Any CPU
		{C6E7FA1A-A459-4BCB-959A-AC5C7B597EF0}.Debug|x86.ActiveCfg = Debug|Any CPU
		{C6E7FA1A-A459-4BCB-959A-AC5C7B597EF0}.Debug|x86.Build.0 = Debug|Any CPU
		{C6E7FA1A-A459-4BCB-959A-AC5C7B597EF0}.Debug|x86.Deploy.0 = Debug|Any CPU
		{C6E7FA1A-A459-4BCB-959A-AC5C7B597EF0}.Release|Any CPU.ActiveCfg = Release|Any CPU
		{C6E7FA1A-A459-4BCB-959A-AC5C7B597EF0}.Release|Any CPU.Build.0 = Release|Any CPU
		{C6E7FA1A-A459-4BCB-959A-AC5C7B597EF0}.Release|Any CPU.Deploy.0 = Release|Any CPU
		{C6E7FA1A-A459-4BCB-959A-AC5C7B597EF0}.Release|ARM.ActiveCfg = Release|Any CPU
		{C6E7FA1A-A459-4BCB-959A-AC5C7B597EF0}.Release|ARM.Build.0 = Release|Any CPU
		{C6E7FA1A-A459-4BCB-959A-AC5C7B597EF0}.Release|ARM.Deploy.0 = Release|Any CPU
		{C6E7FA1A-A459-4BCB-959A-AC5C7B597EF0}.Release|iPhone.ActiveCfg = Release|Any CPU
		{C6E7FA1A-A459-4BCB-959A-AC5C7B597EF0}.Release|iPhone.Build.0 = Release|Any CPU
		{C6E7FA1A-A459-4BCB-959A-AC5C7B597EF0}.Release|iPhone.Deploy.0 = Release|Any CPU
		{C6E7FA1A-A459-4BCB-959A-AC5C7B597EF0}.Release|iPhoneSimulator.ActiveCfg = Release|Any CPU
		{C6E7FA1A-A459-4BCB-959A-AC5C7B597EF0}.Release|iPhoneSimulator.Build.0 = Release|Any CPU
		{C6E7FA1A-A459-4BCB-959A-AC5C7B597EF0}.Release|iPhoneSimulator.Deploy.0 = Release|Any CPU
		{C6E7FA1A-A459-4BCB-959A-AC5C7B597EF0}.Release|x64.ActiveCfg = Release|Any CPU
		{C6E7FA1A-A459-4BCB-959A-AC5C7B597EF0}.Release|x64.Build.0 = Release|Any CPU
		{C6E7FA1A-A459-4BCB-959A-AC5C7B597EF0}.Release|x64.Deploy.0 = Release|Any CPU
		{C6E7FA1A-A459-4BCB-959A-AC5C7B597EF0}.Release|x86.ActiveCfg = Release|Any CPU
		{C6E7FA1A-A459-4BCB-959A-AC5C7B597EF0}.Release|x86.Build.0 = Release|Any CPU
		{C6E7FA1A-A459-4BCB-959A-AC5C7B597EF0}.Release|x86.Deploy.0 = Release|Any CPU
	EndGlobalSection
	GlobalSection(SolutionProperties) = preSolution
		HideSolutionNode = FALSE
	EndGlobalSection
	GlobalSection(ExtensibilityGlobals) = postSolution
		SolutionGuid = {F49B4787-F873-4008-B7CA-98E1679C27C2}
	EndGlobalSection
EndGlobal
